
Microsoft Visual Studio Solution File, Format Version 11.00
# Visual Studio 2010
Project("{54435603-DBB4-11D2-8724-00A0C9A8B90C}") = "GXDLMSDirectorInstall", "GXDLMSDirectorInstall_2010.vdproj", "{855994D0-3251-4538-9056-AB1725EBDCF4}"
EndProject
Project("{FAE04EC0-301F-11D3-BF4B-00C04F79EFBC}") = "GXDLMSDirector_2010", "..\Development\GXDLMSDirector_2010.csproj", "{0CA083FF-4071-4E07-AFFF-5B2E31A11D45}"
EndProject
Global
	GlobalSection(TestCaseManagementSettings) = postSolution
		CategoryFile = UnitTest_GuruxDLMS_20107.vsmdi
	EndGlobalSection
	GlobalSection(SolutionConfigurationPlatforms) = preSolution
		Debug|Any CPU = Debug|Any CPU
		Debug|Mixed Platforms = Debug|Mixed Platforms
		Release|Any CPU = Release|Any CPU
		Release|Mixed Platforms = Release|Mixed Platforms
	EndGlobalSection
	GlobalSection(ProjectConfigurationPlatforms) = postSolution
		{855994D0-3251-4538-9056-AB1725EBDCF4}.Debug|Any CPU.ActiveCfg = Debug
		{855994D0-3251-4538-9056-AB1725EBDCF4}.Debug|Any CPU.Build.0 = Debug
		{855994D0-3251-4538-9056-AB1725EBDCF4}.Debug|Mixed Platforms.ActiveCfg = Debug
		{855994D0-3251-4538-9056-AB1725EBDCF4}.Debug|Mixed Platforms.Build.0 = Debug
		{855994D0-3251-4538-9056-AB1725EBDCF4}.Release|Any CPU.ActiveCfg = Release
		{855994D0-3251-4538-9056-AB1725EBDCF4}.Release|Any CPU.Build.0 = Release
		{855994D0-3251-4538-9056-AB1725EBDCF4}.Release|Mixed Platforms.ActiveCfg = Release
		{855994D0-3251-4538-9056-AB1725EBDCF4}.Release|Mixed Platforms.Build.0 = Release
		{0CA083FF-4071-4E07-AFFF-5B2E31A11D45}.Debug|Any CPU.ActiveCfg = Debug|Any CPU
		{0CA083FF-4071-4E07-AFFF-5B2E31A11D45}.Debug|Any CPU.Build.0 = Debug|Any CPU
		{0CA083FF-4071-4E07-AFFF-5B2E31A11D45}.Debug|Mixed Platforms.ActiveCfg = Debug|Any CPU
		{0CA083FF-4071-4E07-AFFF-5B2E31A11D45}.Debug|Mixed Platforms.Build.0 = Debug|Any CPU
		{0CA083FF-4071-4E07-AFFF-5B2E31A11D45}.Release|Any CPU.ActiveCfg = Release|Any CPU
		{0CA083FF-4071-4E07-AFFF-5B2E31A11D45}.Release|Any CPU.Build.0 = Release|Any CPU
		{0CA083FF-4071-4E07-AFFF-5B2E31A11D45}.Release|Mixed Platforms.ActiveCfg = Release|Any CPU
		{0CA083FF-4071-4E07-AFFF-5B2E31A11D45}.Release|Mixed Platforms.Build.0 = Release|Any CPU
	EndGlobalSection
	GlobalSection(SolutionProperties) = preSolution
		HideSolutionNode = FALSE
	EndGlobalSection
EndGlobal
